<?xml version="1.0" encoding="utf-8"?>
<Project ToolsVersion="4.0" xmlns="http://schemas.microsoft.com/developer/msbuild/2003">
  <ItemGroup>
    <ClCompile Include="..\Block.cpp" />
    <ClCompile Include="..\Cube.cpp" />
    <ClCompile Include="..\Floor.cpp" />
    <ClCompile Include="..\Geode.cpp" />
    <ClCompile Include="..\Group.cpp" />
    <ClCompile Include="..\main.cpp" />
    <ClCompile Include="..\MatrixTransform.cpp" />
    <ClCompile Include="..\Node.cpp" />
    <ClCompile Include="..\OBJObject.cpp" />
    <ClCompile Include="..\QuadPrism.cpp" />
    <ClCompile Include="..\shader.cpp" />
    <ClCompile Include="..\Skybox.cpp" />
    <ClCompile Include="..\Sphere.cpp" />
    <ClCompile Include="..\Window.cpp" />
    <ClCompile Include="BumpOBJ.cpp" />
    <ClCompile Include="..\BounceTransform.cpp" />
    <ClCompile Include="..\BoundedGroup.cpp" />
  </ItemGroup>
  <ItemGroup>
    <ClInclude Include="..\Block.h" />
    <ClInclude Include="..\BumpOBJ.h" />
    <ClInclude Include="..\Cube.h" />
    <ClInclude Include="..\Floor.h" />
    <ClInclude Include="..\Geode.h" />
    <ClInclude Include="..\Group.h" />
    <ClInclude Include="..\main.h" />
    <ClInclude Include="..\MatrixTransform.h" />
    <ClInclude Include="..\Node.h" />
    <ClInclude Include="..\OBJObject.h" />
    <ClInclude Include="..\QuadPrism.h" />
    <ClInclude Include="..\shader.h" />
    <ClInclude Include="..\Skybox.h" />
    <ClInclude Include="..\Sphere.h" />
    <ClInclude Include="..\Window.h" />
    <ClInclude Include="..\BounceTransform.h" />
    <ClInclude Include="..\BoundedGroup.h" />
  </ItemGroup>
  <ItemGroup>
    <None Include="..\shader.frag" />
    <None Include="..\shader.vert" />
    <None Include="..\skyboxshader.frag" />
    <None Include="..\skyboxshader.vert" />
    <None Include="..\solidShader.frag" />
    <None Include="..\solidShader.vert" />
    <None Include="..\bumpShader.frag" />
    <None Include="..\bumpShader.vert" />
    <None Include="packages.config" />
  </ItemGroup>
</Project>